
Microsoft Visual Studio Solution File, Format Version 12.00
# Visual Studio 15
VisualStudioVersion = 15.0.27703.2026
MinimumVisualStudioVersion = 10.0.40219.1
Project("{9A19103F-16F7-4668-BE54-9A1E7A4F7556}") = "CodeAnalyzer", "CodeAnalyzer\CodeAnalyzer.csproj", "{6880322A-9EBC-4F2A-9478-1825653474CC}"
EndProject
Project("{9A19103F-16F7-4668-BE54-9A1E7A4F7556}") = "CodeAnalyzer.Test", "CodeAnalyzer.Test\CodeAnalyzer.Test.csproj", "{DCE60F41-A4AA-4AC5-96E9-D06E673556DA}"
EndProject
Project("{FAE04EC0-301F-11D3-BF4B-00C04F79EFBC}") = "CodeAnalyzer.Vsix", "CodeAnalyzer.Vsix\CodeAnalyzer.Vsix.csproj", "{0AD8027C-2BAA-4D39-91D4-51D01E2FEE23}"
EndProject
Project("{2150E333-8FDC-42A3-9474-1A3956D46DE8}") = "Solution Items", "Solution Items", "{40AE7176-4711-447A-8E4A-ED8CF659F134}"
	ProjectSection(SolutionItems) = preProject
		.editorconfig = .editorconfig
		.gitattributes = .gitattributes
		.gitignore = .gitignore
		CodeAnalysis.ruleset = CodeAnalysis.ruleset
		README.md = README.md
	EndProjectSection
EndProject
Global
	GlobalSection(SolutionConfigurationPlatforms) = preSolution
		Debug|Any CPU = Debug|Any CPU
		Release|Any CPU = Release|Any CPU
	EndGlobalSection
	GlobalSection(ProjectConfigurationPlatforms) = postSolution
		{6880322A-9EBC-4F2A-9478-1825653474CC}.Debug|Any CPU.ActiveCfg = Debug|Any CPU
		{6880322A-9EBC-4F2A-9478-1825653474CC}.Debug|Any CPU.Build.0 = Debug|Any CPU
		{6880322A-9EBC-4F2A-9478-1825653474CC}.Release|Any CPU.ActiveCfg = Release|Any CPU
		{6880322A-9EBC-4F2A-9478-1825653474CC}.Release|Any CPU.Build.0 = Release|Any CPU
		{DCE60F41-A4AA-4AC5-96E9-D06E673556DA}.Debug|Any CPU.ActiveCfg = Debug|Any CPU
		{DCE60F41-A4AA-4AC5-96E9-D06E673556DA}.Debug|Any CPU.Build.0 = Debug|Any CPU
		{DCE60F41-A4AA-4AC5-96E9-D06E673556DA}.Release|Any CPU.ActiveCfg = Release|Any CPU
		{DCE60F41-A4AA-4AC5-96E9-D06E673556DA}.Release|Any CPU.Build.0 = Release|Any CPU
		{0AD8027C-2BAA-4D39-91D4-51D01E2FEE23}.Debug|Any CPU.ActiveCfg = Debug|Any CPU
		{0AD8027C-2BAA-4D39-91D4-51D01E2FEE23}.Debug|Any CPU.Build.0 = Debug|Any CPU
		{0AD8027C-2BAA-4D39-91D4-51D01E2FEE23}.Release|Any CPU.ActiveCfg = Release|Any CPU
		{0AD8027C-2BAA-4D39-91D4-51D01E2FEE23}.Release|Any CPU.Build.0 = Release|Any CPU
	EndGlobalSection
	GlobalSection(SolutionProperties) = preSolution
		HideSolutionNode = FALSE
	EndGlobalSection
	GlobalSection(ExtensibilityGlobals) = postSolution
		SolutionGuid = {4A10C3D2-EFD6-4BB7-9C22-B51FD08E1B03}
	EndGlobalSection
EndGlobal
